{
    "name": "zgadaj-sie",
    "version": "1.0.0",
    "lockfileVersion": 3,
    "requires": true,
    "packages": {
        "": {
            "name": "zgadaj-sie",
            "version": "1.0.0",
            "dependencies": {
                "zgadaj-sie": "file:"
            }
        },
        "node_modules/zgadaj-sie": {
            "resolved": "",
            "link": true
        }
    }
}
